
Microsoft Visual Studio Solution File, Format Version 10.00
# Visual C++ Express 2008
Project("{8BC9CEB8-8B4A-11D0-8D11-00A0C91BC942}") = "cpptutorial1", "cpptutorial1\cpptutorial1.vcproj", "{4251F091-AF7F-4F53-88BD-B633ADA85CFD}"
EndProject
Global
	GlobalSection(SolutionConfigurationPlatforms) = preSolution
		Debug|Win32 = Debug|Win32
		Release|Win32 = Release|Win32
	EndGlobalSection
	GlobalSection(ProjectConfigurationPlatforms) = postSolution
		{4251F091-AF7F-4F53-88BD-B633ADA85CFD}.Debug|Win32.ActiveCfg = Debug|Win32
		{4251F091-AF7F-4F53-88BD-B633ADA85CFD}.Debug|Win32.Build.0 = Debug|Win32
		{4251F091-AF7F-4F53-88BD-B633ADA85CFD}.Release|Win32.ActiveCfg = Release|Win32
		{4251F091-AF7F-4F53-88BD-B633ADA85CFD}.Release|Win32.Build.0 = Release|Win32
	EndGlobalSection
	GlobalSection(SolutionProperties) = preSolution
		HideSolutionNode = FALSE
	EndGlobalSection
EndGlobal
